<?xml version="1.0" encoding="utf-8"?>
<Project ToolsVersion="4.0" xmlns="http://schemas.microsoft.com/developer/msbuild/2003">
  <ItemGroup>
    <Filter Include="Resource Files">
      <UniqueIdentifier>{4856511c-c731-4809-83f7-244759cf742d}</UniqueIdentifier>
      <Extensions>rc;ico;cur;bmp;dlg;rc2;rct;bin;rgs;gif;jpg;jpeg;jpe</Extensions>
    </Filter>
    <Filter Include="Header">
      <UniqueIdentifier>{b3f6839a-1785-43e9-92c2-4be293b8cec9}</UniqueIdentifier>
    </Filter>
  </ItemGroup>
  <ItemGroup>
    <ClInclude Include="resource.h">
      <Filter>Resource Files</Filter>
    </ClInclude>
    <ClInclude Include="Algebra.h">
      <Filter>Header</Filter>
    </ClInclude>
    <ClInclude Include="TrackBall.h">
      <Filter>Header</Filter>
    </ClInclude>
  </ItemGroup>
  <ItemGroup>
    <ClCompile Include="Algebra.cpp" />
    <ClCompile Include="QJulia4D.cpp" />
    <ClCompile Include="TrackBall.cpp" />
  </ItemGroup>
  <ItemGroup>
    <CustomBuild Include="qjulia4D.hlsl" />
  </ItemGroup>
</Project>